// !$*UTF8*$!
{
	archiveVersion = 1;
	classes = {
	};
	objectVersion = 46;
	objects = {

/* Begin PBXBuildFile section */
		1A04B32618F13AF8003B988A /* image_util.cpp in Sources */ = {isa = PBXBuildFile; fileRef = 1A04B31A18F13AF8003B988A /* image_util.cpp */; };
		1A04B32718F13AF8003B988A /* raycast.cpp in Sources */ = {isa = PBXBuildFile; fileRef = 1A04B31C18F13AF8003B988A /* raycast.cpp */; };
		1A04B32818F13AF8003B988A /* scene.cpp in Sources */ = {isa = PBXBuildFile; fileRef = 1A04B31D18F13AF8003B988A /* scene.cpp */; };
		1A04B32918F13AF8003B988A /* sphere.cpp in Sources */ = {isa = PBXBuildFile; fileRef = 1A04B31F18F13AF8003B988A /* sphere.cpp */; };
		1A04B32A18F13AF8003B988A /* trace.cpp in Sources */ = {isa = PBXBuildFile; fileRef = 1A04B32118F13AF8003B988A /* trace.cpp */; };
		1A04B32B18F13AF8003B988A /* vector.cpp in Sources */ = {isa = PBXBuildFile; fileRef = 1A04B32318F13AF8003B988A /* vector.cpp */; };
		1A04B34518F13BA4003B988A /* InitShader.cpp in Sources */ = {isa = PBXBuildFile; fileRef = 1A04B33E18F13BA4003B988A /* InitShader.cpp */; };
		1A04B34A18F13C41003B988A /* GLUT.framework in Frameworks */ = {isa = PBXBuildFile; fileRef = 1A04B34818F13C41003B988A /* GLUT.framework */; };
		1A04B34B18F13C41003B988A /* OpenGL.framework in Frameworks */ = {isa = PBXBuildFile; fileRef = 1A04B34918F13C41003B988A /* OpenGL.framework */; };
		1A04B34D18F13C90003B988A /* fshader.glsl in CopyFiles */ = {isa = PBXBuildFile; fileRef = 1A04B31818F13AF8003B988A /* fshader.glsl */; };
		1A04B34E18F13C90003B988A /* vshader.glsl in CopyFiles */ = {isa = PBXBuildFile; fileRef = 1A04B32518F13AF8003B988A /* vshader.glsl */; };
/* End PBXBuildFile section */

/* Begin PBXCopyFilesBuildPhase section */
		1A04B34C18F13C86003B988A /* CopyFiles */ = {
			isa = PBXCopyFilesBuildPhase;
			buildActionMask = 2147483647;
			dstPath = "";
			dstSubfolderSpec = 7;
			files = (
				1A04B34D18F13C90003B988A /* fshader.glsl in CopyFiles */,
				1A04B34E18F13C90003B988A /* vshader.glsl in CopyFiles */,
			);
			runOnlyForDeploymentPostprocessing = 0;
		};
/* End PBXCopyFilesBuildPhase section */

/* Begin PBXFileReference section */
		1A04B30C18F13893003B988A /* raycast */ = {isa = PBXFileReference; explicitFileType = "compiled.mach-o.executable"; includeInIndex = 0; path = raycast; sourceTree = BUILT_PRODUCTS_DIR; };
		1A04B31818F13AF8003B988A /* fshader.glsl */ = {isa = PBXFileReference; fileEncoding = 4; lastKnownFileType = text; path = fshader.glsl; sourceTree = "<group>"; };
		1A04B31918F13AF8003B988A /* global.h */ = {isa = PBXFileReference; fileEncoding = 4; lastKnownFileType = sourcecode.c.h; path = global.h; sourceTree = "<group>"; };
		1A04B31A18F13AF8003B988A /* image_util.cpp */ = {isa = PBXFileReference; fileEncoding = 4; lastKnownFileType = sourcecode.cpp.cpp; path = image_util.cpp; sourceTree = "<group>"; };
		1A04B31B18F13AF8003B988A /* image_util.h */ = {isa = PBXFileReference; fileEncoding = 4; lastKnownFileType = sourcecode.c.h; path = image_util.h; sourceTree = "<group>"; };
		1A04B31C18F13AF8003B988A /* raycast.cpp */ = {isa = PBXFileReference; fileEncoding = 4; lastKnownFileType = sourcecode.cpp.cpp; path = raycast.cpp; sourceTree = "<group>"; };
		1A04B31D18F13AF8003B988A /* scene.cpp */ = {isa = PBXFileReference; fileEncoding = 4; lastKnownFileType = sourcecode.cpp.cpp; path = scene.cpp; sourceTree = "<group>"; };
		1A04B31E18F13AF8003B988A /* scene.h */ = {isa = PBXFileReference; fileEncoding = 4; lastKnownFileType = sourcecode.c.h; path = scene.h; sourceTree = "<group>"; };
		1A04B31F18F13AF8003B988A /* sphere.cpp */ = {isa = PBXFileReference; fileEncoding = 4; lastKnownFileType = sourcecode.cpp.cpp; path = sphere.cpp; sourceTree = "<group>"; };
		1A04B32018F13AF8003B988A /* sphere.h */ = {isa = PBXFileReference; fileEncoding = 4; lastKnownFileType = sourcecode.c.h; path = sphere.h; sourceTree = "<group>"; };
		1A04B32118F13AF8003B988A /* trace.cpp */ = {isa = PBXFileReference; fileEncoding = 4; lastKnownFileType = sourcecode.cpp.cpp; path = trace.cpp; sourceTree = "<group>"; };
		1A04B32218F13AF8003B988A /* trace.h */ = {isa = PBXFileReference; fileEncoding = 4; lastKnownFileType = sourcecode.c.h; path = trace.h; sourceTree = "<group>"; };
		1A04B32318F13AF8003B988A /* vector.cpp */ = {isa = PBXFileReference; fileEncoding = 4; lastKnownFileType = sourcecode.cpp.cpp; path = vector.cpp; sourceTree = "<group>"; };
		1A04B32418F13AF8003B988A /* vector.h */ = {isa = PBXFileReference; fileEncoding = 4; lastKnownFileType = sourcecode.c.h; path = vector.h; sourceTree = "<group>"; };
		1A04B32518F13AF8003B988A /* vshader.glsl */ = {isa = PBXFileReference; fileEncoding = 4; lastKnownFileType = text; path = vshader.glsl; sourceTree = "<group>"; };
		1A04B33818F13BA4003B988A /* bishop.smf */ = {isa = PBXFileReference; fileEncoding = 4; lastKnownFileType = text; path = bishop.smf; sourceTree = "<group>"; };
		1A04B33918F13BA4003B988A /* bishop_hires.smf */ = {isa = PBXFileReference; fileEncoding = 4; lastKnownFileType = text; path = bishop_hires.smf; sourceTree = "<group>"; };
		1A04B33A18F13BA4003B988A /* chess_hires.smf */ = {isa = PBXFileReference; fileEncoding = 4; lastKnownFileType = text; path = chess_hires.smf; sourceTree = "<group>"; };
		1A04B33B18F13BA4003B988A /* chess_piece.smf */ = {isa = PBXFileReference; fileEncoding = 4; lastKnownFileType = text; path = chess_piece.smf; sourceTree = "<group>"; };
		1A04B33D18F13BA4003B988A /* Angel.h */ = {isa = PBXFileReference; fileEncoding = 4; lastKnownFileType = sourcecode.c.h; path = Angel.h; sourceTree = "<group>"; };
		1A04B33E18F13BA4003B988A /* InitShader.cpp */ = {isa = PBXFileReference; fileEncoding = 4; lastKnownFileType = sourcecode.cpp.cpp; path = InitShader.cpp; sourceTree = "<group>"; };
		1A04B33F18F13BA4003B988A /* mat.h */ = {isa = PBXFileReference; fileEncoding = 4; lastKnownFileType = sourcecode.c.h; path = mat.h; sourceTree = "<group>"; };
		1A04B34018F13BA4003B988A /* vec.h */ = {isa = PBXFileReference; fileEncoding = 4; lastKnownFileType = sourcecode.c.h; path = vec.h; sourceTree = "<group>"; };
		1A04B34818F13C41003B988A /* GLUT.framework */ = {isa = PBXFileReference; lastKnownFileType = wrapper.framework; name = GLUT.framework; path = System/Library/Frameworks/GLUT.framework; sourceTree = SDKROOT; };
		1A04B34918F13C41003B988A /* OpenGL.framework */ = {isa = PBXFileReference; lastKnownFileType = wrapper.framework; name = OpenGL.framework; path = System/Library/Frameworks/OpenGL.framework; sourceTree = SDKROOT; };
/* End PBXFileReference section */

/* Begin PBXFrameworksBuildPhase section */
		1A04B34718F13C38003B988A /* Frameworks */ = {
			isa = PBXFrameworksBuildPhase;
			buildActionMask = 2147483647;
			files = (
				1A04B34A18F13C41003B988A /* GLUT.framework in Frameworks */,
				1A04B34B18F13C41003B988A /* OpenGL.framework in Frameworks */,
			);
			runOnlyForDeploymentPostprocessing = 0;
		};
/* End PBXFrameworksBuildPhase section */

/* Begin PBXGroup section */
		1A04B30318F13893003B988A = {
			isa = PBXGroup;
			children = (
				1A04B34818F13C41003B988A /* GLUT.framework */,
				1A04B34918F13C41003B988A /* OpenGL.framework */,
				1A04B30E18F13893003B988A /* raycast */,
				1A04B30D18F13893003B988A /* Products */,
			);
			sourceTree = "<group>";
		};
		1A04B30D18F13893003B988A /* Products */ = {
			isa = PBXGroup;
			children = (
				1A04B30C18F13893003B988A /* raycast */,
			);
			name = Products;
			sourceTree = "<group>";
		};
		1A04B30E18F13893003B988A /* raycast */ = {
			isa = PBXGroup;
			children = (
				1A04B33718F13BA4003B988A /* chess_pieces */,
				1A04B33C18F13BA4003B988A /* include */,
				1A04B31818F13AF8003B988A /* fshader.glsl */,
				1A04B31918F13AF8003B988A /* global.h */,
				1A04B31A18F13AF8003B988A /* image_util.cpp */,
				1A04B31B18F13AF8003B988A /* image_util.h */,
				1A04B31C18F13AF8003B988A /* raycast.cpp */,
				1A04B31D18F13AF8003B988A /* scene.cpp */,
				1A04B31E18F13AF8003B988A /* scene.h */,
				1A04B31F18F13AF8003B988A /* sphere.cpp */,
				1A04B32018F13AF8003B988A /* sphere.h */,
				1A04B32118F13AF8003B988A /* trace.cpp */,
				1A04B32218F13AF8003B988A /* trace.h */,
				1A04B32318F13AF8003B988A /* vector.cpp */,
				1A04B32418F13AF8003B988A /* vector.h */,
				1A04B32518F13AF8003B988A /* vshader.glsl */,
			);
			path = raycast;
			sourceTree = "<group>";
		};
		1A04B33718F13BA4003B988A /* chess_pieces */ = {
			isa = PBXGroup;
			children = (
				1A04B33818F13BA4003B988A /* bishop.smf */,
				1A04B33918F13BA4003B988A /* bishop_hires.smf */,
				1A04B33A18F13BA4003B988A /* chess_hires.smf */,
				1A04B33B18F13BA4003B988A /* chess_piece.smf */,
			);
			name = chess_pieces;
			path = "../../raycast-demo/chess_pieces";
			sourceTree = "<group>";
		};
		1A04B33C18F13BA4003B988A /* include */ = {
			isa = PBXGroup;
			children = (
				1A04B33D18F13BA4003B988A /* Angel.h */,
				1A04B33E18F13BA4003B988A /* InitShader.cpp */,
				1A04B33F18F13BA4003B988A /* mat.h */,
				1A04B34018F13BA4003B988A /* vec.h */,
			);
			name = include;
			path = "../../raycast-demo/include";
			sourceTree = "<group>";
		};
/* End PBXGroup section */

/* Begin PBXNativeTarget section */
		1A04B30B18F13893003B988A /* raycast */ = {
			isa = PBXNativeTarget;
			buildConfigurationList = 1A04B31518F13893003B988A /* Build configuration list for PBXNativeTarget "raycast" */;
			buildPhases = (
				1A04B30818F13893003B988A /* Sources */,
				1A04B34718F13C38003B988A /* Frameworks */,
				1A04B34C18F13C86003B988A /* CopyFiles */,
			);
			buildRules = (
			);
			dependencies = (
			);
			name = raycast;
			productName = raycast;
			productReference = 1A04B30C18F13893003B988A /* raycast */;
			productType = "com.apple.product-type.tool";
		};
/* End PBXNativeTarget section */

/* Begin PBXProject section */
		1A04B30418F13893003B988A /* Project object */ = {
			isa = PBXProject;
			attributes = {
				LastUpgradeCheck = 0510;
				ORGANIZATIONNAME = Xhacker;
			};
			buildConfigurationList = 1A04B30718F13893003B988A /* Build configuration list for PBXProject "raycast" */;
			compatibilityVersion = "Xcode 3.2";
			developmentRegion = English;
			hasScannedForEncodings = 0;
			knownRegions = (
				en,
			);
			mainGroup = 1A04B30318F13893003B988A;
			productRefGroup = 1A04B30D18F13893003B988A /* Products */;
			projectDirPath = "";
			projectRoot = "";
			targets = (
				1A04B30B18F13893003B988A /* raycast */,
			);
		};
/* End PBXProject section */

/* Begin PBXSourcesBuildPhase section */
		1A04B30818F13893003B988A /* Sources */ = {
			isa = PBXSourcesBuildPhase;
			buildActionMask = 2147483647;
			files = (
				1A04B34518F13BA4003B988A /* InitShader.cpp in Sources */,
				1A04B32818F13AF8003B988A /* scene.cpp in Sources */,
				1A04B32718F13AF8003B988A /* raycast.cpp in Sources */,
				1A04B32618F13AF8003B988A /* image_util.cpp in Sources */,
				1A04B32918F13AF8003B988A /* sphere.cpp in Sources */,
				1A04B32A18F13AF8003B988A /* trace.cpp in Sources */,
				1A04B32B18F13AF8003B988A /* vector.cpp in Sources */,
			);
			runOnlyForDeploymentPostprocessing = 0;
		};
/* End PBXSourcesBuildPhase section */

/* Begin XCBuildConfiguration section */
		1A04B31318F13893003B988A /* Debug */ = {
			isa = XCBuildConfiguration;
			buildSettings = {
				ALWAYS_SEARCH_USER_PATHS = NO;
				CLANG_CXX_LANGUAGE_STANDARD = "gnu++0x";
				CLANG_CXX_LIBRARY = "libc++";
				CLANG_ENABLE_MODULES = YES;
				CLANG_ENABLE_OBJC_ARC = YES;
				CLANG_WARN_BOOL_CONVERSION = YES;
				CLANG_WARN_CONSTANT_CONVERSION = YES;
				CLANG_WARN_DIRECT_OBJC_ISA_USAGE = YES_ERROR;
				CLANG_WARN_EMPTY_BODY = YES;
				CLANG_WARN_ENUM_CONVERSION = YES;
				CLANG_WARN_INT_CONVERSION = YES;
				CLANG_WARN_OBJC_ROOT_CLASS = YES_ERROR;
				CLANG_WARN__DUPLICATE_METHOD_MATCH = YES;
				COPY_PHASE_STRIP = NO;
				GCC_C_LANGUAGE_STANDARD = gnu99;
				GCC_DYNAMIC_NO_PIC = NO;
				GCC_ENABLE_OBJC_EXCEPTIONS = YES;
				GCC_OPTIMIZATION_LEVEL = 0;
				GCC_PREPROCESSOR_DEFINITIONS = (
					"DEBUG=1",
					"$(inherited)",
				);
				GCC_SYMBOLS_PRIVATE_EXTERN = NO;
				GCC_WARN_64_TO_32_BIT_CONVERSION = YES;
				GCC_WARN_ABOUT_RETURN_TYPE = YES_ERROR;
				GCC_WARN_UNDECLARED_SELECTOR = YES;
				GCC_WARN_UNINITIALIZED_AUTOS = YES_AGGRESSIVE;
				GCC_WARN_UNUSED_FUNCTION = YES;
				GCC_WARN_UNUSED_VARIABLE = YES;
				MACOSX_DEPLOYMENT_TARGET = 10.9;
				ONLY_ACTIVE_ARCH = YES;
				SDKROOT = macosx;
			};
			name = Debug;
		};
		1A04B31418F13893003B988A /* Release */ = {
			isa = XCBuildConfiguration;
			buildSettings = {
				ALWAYS_SEARCH_USER_PATHS = NO;
				CLANG_CXX_LANGUAGE_STANDARD = "gnu++0x";
				CLANG_CXX_LIBRARY = "libc++";
				CLANG_ENABLE_MODULES = YES;
				CLANG_ENABLE_OBJC_ARC = YES;
				CLANG_WARN_BOOL_CONVERSION = YES;
				CLANG_WARN_CONSTANT_CONVERSION = YES;
				CLANG_WARN_DIRECT_OBJC_ISA_USAGE = YES_ERROR;
				CLANG_WARN_EMPTY_BODY = YES;
				CLANG_WARN_ENUM_CONVERSION = YES;
				CLANG_WARN_INT_CONVERSION = YES;
				CLANG_WARN_OBJC_ROOT_CLASS = YES_ERROR;
				CLANG_WARN__DUPLICATE_METHOD_MATCH = YES;
				COPY_PHASE_STRIP = YES;
				DEBUG_INFORMATION_FORMAT = "dwarf-with-dsym";
				ENABLE_NS_ASSERTIONS = NO;
				GCC_C_LANGUAGE_STANDARD = gnu99;
				GCC_ENABLE_OBJC_EXCEPTIONS = YES;
				GCC_WARN_64_TO_32_BIT_CONVERSION = YES;
				GCC_WARN_ABOUT_RETURN_TYPE = YES_ERROR;
				GCC_WARN_UNDECLARED_SELECTOR = YES;
				GCC_WARN_UNINITIALIZED_AUTOS = YES_AGGRESSIVE;
				GCC_WARN_UNUSED_FUNCTION = YES;
				GCC_WARN_UNUSED_VARIABLE = YES;
				MACOSX_DEPLOYMENT_TARGET = 10.9;
				SDKROOT = macosx;
			};
			name = Release;
		};
		1A04B31618F13893003B988A /* Debug */ = {
			isa = XCBuildConfiguration;
			buildSettings = {
				GCC_WARN_ABOUT_DEPRECATED_FUNCTIONS = NO;
				PRODUCT_NAME = "$(TARGET_NAME)";
			};
			name = Debug;
		};
		1A04B31718F13893003B988A /* Release */ = {
			isa = XCBuildConfiguration;
			buildSettings = {
				GCC_WARN_ABOUT_DEPRECATED_FUNCTIONS = NO;
				PRODUCT_NAME = "$(TARGET_NAME)";
			};
			name = Release;
		};
/* End XCBuildConfiguration section */

/* Begin XCConfigurationList section */
		1A04B30718F13893003B988A /* Build configuration list for PBXProject "raycast" */ = {
			isa = XCConfigurationList;
			buildConfigurations = (
				1A04B31318F13893003B988A /* Debug */,
				1A04B31418F13893003B988A /* Release */,
			);
			defaultConfigurationIsVisible = 0;
			defaultConfigurationName = Release;
		};
		1A04B31518F13893003B988A /* Build configuration list for PBXNativeTarget "raycast" */ = {
			isa = XCConfigurationList;
			buildConfigurations = (
				1A04B31618F13893003B988A /* Debug */,
				1A04B31718F13893003B988A /* Release */,
			);
			defaultConfigurationIsVisible = 0;
			defaultConfigurationName = Release;
		};
/* End XCConfigurationList section */
	};
	rootObject = 1A04B30418F13893003B988A /* Project object */;
}
